{
  "version": 4,
  "terraform_version": "1.5.7",
  "serial": 48,
  "lineage": "39d98b55-095c-839b-52ed-9747826c46a0",
  "outputs": {
    "artifact_registry_host": {
      "value": "us-east4-docker.pkg.dev/prj-0n-dta-pt-ai-sandbox/churn-prediction-new",
      "type": "string"
    },
    "artifact_registry_repository": {
      "value": "churn-prediction-new",
      "type": "string"
    },
    "bigquery_dataset_id": {
      "value": "dsci_churn_prediction_new_main",
      "type": "string"
    },
    "docker_image_uri": {
      "value": "us-east4-docker.pkg.dev/prj-0n-dta-pt-ai-sandbox/churn-prediction-new/trainer:latest",
      "type": "string"
    },
    "executed_bq_sql_jobs": {
      "value": [
        {
          "job_id": "dsci_churn_prediction_new_main-churn_prediction_features-2026-03-04-0302",
          "sql_file": "churn_prediction_features.sql",
          "status": "executed"
        },
        {
          "job_id": "dsci_churn_prediction_new_main-features_behavior-2026-03-04-0302",
          "sql_file": "features_behavior.sql",
          "status": "executed"
        },
        {
          "job_id": "dsci_churn_prediction_new_main-features_engagement-2026-03-04-0302",
          "sql_file": "features_engagement.sql",
          "status": "executed"
        },
        {
          "job_id": "dsci_churn_prediction_new_main-raw_events-2026-03-04-0302",
          "sql_file": "raw_events.sql",
          "status": "executed"
        },
        {
          "job_id": "dsci_churn_prediction_new_main-raw_user_features-2026-03-04-0302",
          "sql_file": "raw_user_features.sql",
          "status": "executed"
        }
      ],
      "type": [
        "tuple",
        [
          [
            "object",
            {
              "job_id": "string",
              "sql_file": "string",
              "status": "string"
            }
          ],
          [
            "object",
            {
              "job_id": "string",
              "sql_file": "string",
              "status": "string"
            }
          ],
          [
            "object",
            {
              "job_id": "string",
              "sql_file": "string",
              "status": "string"
            }
          ],
          [
            "object",
            {
              "job_id": "string",
              "sql_file": "string",
              "status": "string"
            }
          ],
          [
            "object",
            {
              "job_id": "string",
              "sql_file": "string",
              "status": "string"
            }
          ]
        ]
      ]
    },
    "executed_fs_sql_jobs": {
      "value": [
        {
          "job_id": "dsci_churn_prediction_new_main-fs-entity_session-2026-03-04-0302",
          "sql_file": "entity_session.sql",
          "status": "executed"
        },
        {
          "job_id": "dsci_churn_prediction_new_main-fs-entity_user-2026-03-04-0302",
          "sql_file": "entity_user.sql",
          "status": "executed"
        }
      ],
      "type": [
        "tuple",
        [
          [
            "object",
            {
              "job_id": "string",
              "sql_file": "string",
              "status": "string"
            }
          ],
          [
            "object",
            {
              "job_id": "string",
              "sql_file": "string",
              "status": "string"
            }
          ]
        ]
      ]
    },
    "terraform_state_summary": {
      "value": {
        "artifact_registry_repo": "churn-prediction-new",
        "bq_sql_files_executed": 5,
        "dataset_id": "dsci_churn_prediction_new_main",
        "docker_image_built": "true (via terraform apply)",
        "fs_sql_files_executed": 2
      },
      "type": [
        "object",
        {
          "artifact_registry_repo": "string",
          "bq_sql_files_executed": "number",
          "dataset_id": "string",
          "docker_image_built": "string",
          "fs_sql_files_executed": "number"
        }
      ]
    }
  },
  "resources": [
    {
      "mode": "managed",
      "type": "google_artifact_registry_repository",
      "name": "churn_prediction_new_repo",
      "provider": "provider[\"registry.terraform.io/hashicorp/google\"]",
      "instances": [
        {
          "schema_version": 0,
          "attributes": {
            "cleanup_policies": [],
            "cleanup_policy_dry_run": false,
            "create_time": "2026-03-03T23:52:55.505834Z",
            "description": "Docker images for churn_prediction_new pipeline",
            "docker_config": [],
            "effective_labels": {
              "env": "dev",
              "managed_by": "terraform",
              "pipeline": "churn_prediction_new",
              "project": "churn_prediction_new",
              "team": "dsci"
            },
            "format": "DOCKER",
            "id": "projects/prj-0n-dta-pt-ai-sandbox/locations/us-east4/repositories/churn-prediction-new",
            "kms_key_name": "",
            "labels": {
              "env": "dev",
              "managed_by": "terraform",
              "pipeline": "churn_prediction_new",
              "project": "churn_prediction_new",
              "team": "dsci"
            },
            "location": "us-east4",
            "maven_config": [],
            "mode": "STANDARD_REPOSITORY",
            "name": "churn-prediction-new",
            "project": "prj-0n-dta-pt-ai-sandbox",
            "remote_repository_config": [],
            "repository_id": "churn-prediction-new",
            "terraform_labels": {
              "env": "dev",
              "managed_by": "terraform",
              "pipeline": "churn_prediction_new",
              "project": "churn_prediction_new",
              "team": "dsci"
            },
            "timeouts": null,
            "update_time": "2026-03-03T23:56:31.982604Z",
            "virtual_repository_config": []
          },
          "sensitive_attributes": [],
          "private": "eyJlMmJmYjczMC1lY2FhLTExZTYtOGY4OC0zNDM2M2JjN2M0YzAiOnsiY3JlYXRlIjoxMjAwMDAwMDAwMDAwLCJkZWxldGUiOjEyMDAwMDAwMDAwMDAsInVwZGF0ZSI6MTIwMDAwMDAwMDAwMH19"
        }
      ]
    },
    {
      "mode": "managed",
      "type": "google_bigquery_dataset",
      "name": "churn_prediction_new_dataset",
      "provider": "provider[\"registry.terraform.io/hashicorp/google\"]",
      "instances": [
        {
          "schema_version": 0,
          "attributes": {
            "access": [
              {
                "dataset": [],
                "domain": "",
                "group_by_email": "",
                "iam_member": "",
                "role": "OWNER",
                "routine": [],
                "special_group": "",
                "user_by_email": "avadhut_deshmukh@gap.com",
                "view": []
              },
              {
                "dataset": [],
                "domain": "",
                "group_by_email": "",
                "iam_member": "",
                "role": "OWNER",
                "routine": [],
                "special_group": "projectOwners",
                "user_by_email": "",
                "view": []
              },
              {
                "dataset": [],
                "domain": "",
                "group_by_email": "",
                "iam_member": "",
                "role": "READER",
                "routine": [],
                "special_group": "projectReaders",
                "user_by_email": "",
                "view": []
              },
              {
                "dataset": [],
                "domain": "",
                "group_by_email": "",
                "iam_member": "",
                "role": "WRITER",
                "routine": [],
                "special_group": "projectWriters",
                "user_by_email": "",
                "view": []
              }
            ],
            "creation_time": 1772581975199,
            "dataset_id": "dsci_churn_prediction_new_main",
            "default_collation": "",
            "default_encryption_configuration": [],
            "default_partition_expiration_ms": 0,
            "default_table_expiration_ms": 0,
            "delete_contents_on_destroy": false,
            "description": "Dataset for churn_prediction_new pipeline",
            "effective_labels": {
              "env": "dev",
              "managed_by": "terraform",
              "pipeline": "churn_prediction_new",
              "project": "churn_prediction_new",
              "team": "dsci"
            },
            "etag": "2mm1hCvGipY+JfIg502KyQ==",
            "external_dataset_reference": [],
            "friendly_name": "churn_prediction_new Dataset",
            "id": "projects/prj-0n-dta-pt-ai-sandbox/datasets/dsci_churn_prediction_new_main",
            "is_case_insensitive": false,
            "labels": {
              "env": "dev",
              "managed_by": "terraform",
              "pipeline": "churn_prediction_new",
              "project": "churn_prediction_new",
              "team": "dsci"
            },
            "last_modified_time": 1772581975199,
            "location": "us-east4",
            "max_time_travel_hours": "168",
            "project": "prj-0n-dta-pt-ai-sandbox",
            "resource_tags": {},
            "self_link": "https://bigquery.googleapis.com/bigquery/v2/projects/prj-0n-dta-pt-ai-sandbox/datasets/dsci_churn_prediction_new_main",
            "storage_billing_model": "",
            "terraform_labels": {
              "env": "dev",
              "managed_by": "terraform",
              "pipeline": "churn_prediction_new",
              "project": "churn_prediction_new",
              "team": "dsci"
            },
            "timeouts": null
          },
          "sensitive_attributes": [],
          "private": "eyJlMmJmYjczMC1lY2FhLTExZTYtOGY4OC0zNDM2M2JjN2M0YzAiOnsiY3JlYXRlIjoxMjAwMDAwMDAwMDAwLCJkZWxldGUiOjEyMDAwMDAwMDAwMDAsInVwZGF0ZSI6MTIwMDAwMDAwMDAwMH19"
        }
      ]
    },
    {
      "mode": "managed",
      "type": "google_bigquery_job",
      "name": "execute_bq_sql",
      "provider": "provider[\"registry.terraform.io/hashicorp/google\"]",
      "instances": [
        {
          "index_key": "churn_prediction_features.sql",
          "schema_version": 1,
          "attributes": {
            "copy": [],
            "effective_labels": {
              "env": "dev",
              "managed_by": "terraform",
              "pipeline": "churn_prediction_new",
              "project": "churn_prediction_new",
              "team": "dsci"
            },
            "extract": [],
            "id": "projects/prj-0n-dta-pt-ai-sandbox/jobs/dsci_churn_prediction_new_main-churn_prediction_features-2026-03-04-0302",
            "job_id": "dsci_churn_prediction_new_main-churn_prediction_features-2026-03-04-0302",
            "job_timeout_ms": "",
            "job_type": "QUERY",
            "labels": {
              "env": "dev",
              "managed_by": "terraform",
              "pipeline": "churn_prediction_new",
              "project": "churn_prediction_new",
              "team": "dsci"
            },
            "load": [],
            "location": "us-east4",
            "project": "prj-0n-dta-pt-ai-sandbox",
            "query": [
              {
                "allow_large_results": false,
                "create_disposition": "CREATE_IF_NEEDED",
                "default_dataset": [],
                "destination_encryption_configuration": [],
                "destination_table": [],
                "flatten_results": false,
                "maximum_billing_tier": 0,
                "maximum_bytes_billed": "",
                "parameter_mode": "",
                "priority": "INTERACTIVE",
                "query": "-- BigQuery: Churn prediction features\n-- This table is CREATED by Terraform when provisioning\n\nCREATE OR REPLACE TABLE `dsci_churn_prediction_new_main`.churn_prediction_features AS\n\nWITH base AS (\n  SELECT *\n  FROM `dsci_churn_prediction_new_main`.raw_events\n  WHERE DATE(event_timestamp) = '2026-03-04'\n),\n\naggregated AS (\n  SELECT\n    user_id,\n    COUNT(*) AS total_events,\n    COUNTIF(event_type = 'login') AS login_events,\n    COUNTIF(event_type = 'purchase') AS purchase_events,\n    COUNT(DISTINCT session_id) AS session_count,\n    MAX(event_timestamp) AS last_event_time\n  FROM base\n  GROUP BY user_id\n),\n\nlabeled AS (\n  SELECT\n    *,\n    CASE\n      WHEN total_events \u003c 3 AND login_events \u003c 2 THEN 1\n      ELSE 0\n    END AS is_churned\n  FROM aggregated\n)\n\nSELECT *\nFROM labeled\n",
                "schema_update_options": null,
                "script_options": [],
                "use_legacy_sql": false,
                "use_query_cache": true,
                "user_defined_function_resources": [],
                "write_disposition": "WRITE_EMPTY"
              }
            ],
            "status": [
              {
                "error_result": [
                  {
                    "location": "",
                    "message": "Cannot set create disposition in jobs with DDL statements",
                    "reason": "invalidQuery"
                  }
                ],
                "errors": [
                  {
                    "location": "",
                    "message": "Cannot set create disposition in jobs with DDL statements",
                    "reason": "invalidQuery"
                  }
                ],
                "state": "DONE"
              }
            ],
            "terraform_labels": {
              "env": "dev",
              "managed_by": "terraform",
              "pipeline": "churn_prediction_new",
              "project": "churn_prediction_new",
              "team": "dsci"
            },
            "timeouts": null,
            "user_email": "avadhut_deshmukh@gap.com"
          },
          "sensitive_attributes": [],
          "private": "eyJlMmJmYjczMC1lY2FhLTExZTYtOGY4OC0zNDM2M2JjN2M0YzAiOnsiY3JlYXRlIjoxMjAwMDAwMDAwMDAwLCJkZWxldGUiOjEyMDAwMDAwMDAwMDAsInVwZGF0ZSI6MTIwMDAwMDAwMDAwMH0sInNjaGVtYV92ZXJzaW9uIjoiMSJ9",
          "dependencies": [
            "google_bigquery_dataset.churn_prediction_new_dataset"
          ]
        },
        {
          "index_key": "features_behavior.sql",
          "schema_version": 1,
          "attributes": {
            "copy": [],
            "effective_labels": {
              "env": "dev",
              "managed_by": "terraform",
              "pipeline": "churn_prediction_new",
              "project": "churn_prediction_new",
              "team": "dsci"
            },
            "extract": [],
            "id": "projects/prj-0n-dta-pt-ai-sandbox/jobs/dsci_churn_prediction_new_main-features_behavior-2026-03-04-0302",
            "job_id": "dsci_churn_prediction_new_main-features_behavior-2026-03-04-0302",
            "job_timeout_ms": "",
            "job_type": "QUERY",
            "labels": {
              "env": "dev",
              "managed_by": "terraform",
              "pipeline": "churn_prediction_new",
              "project": "churn_prediction_new",
              "team": "dsci"
            },
            "load": [],
            "location": "us-east4",
            "project": "prj-0n-dta-pt-ai-sandbox",
            "query": [
              {
                "allow_large_results": false,
                "create_disposition": "CREATE_IF_NEEDED",
                "default_dataset": [],
                "destination_encryption_configuration": [],
                "destination_table": [],
                "flatten_results": false,
                "maximum_billing_tier": 0,
                "maximum_bytes_billed": "",
                "parameter_mode": "",
                "priority": "INTERACTIVE",
                "query": "-- BigQuery: Behavior features\n-- Naming: dsci-churn_prediction_new-behavior-main\n-- This table is CREATED by Terraform when provisioning\n\nCREATE OR REPLACE TABLE `dsci_churn_prediction_new_main`.features_behavior AS\nSELECT\n  user_id,\n  COUNTIF(event_type = 'login') as login_count,\n  COUNTIF(event_type = 'purchase') as purchase_count,\n  SAFE_DIVIDE(COUNTIF(event_type = 'purchase'), COUNT(*)) as purchase_rate,\n  COUNT(DISTINCT device_type) as device_diversity,\n  CASE \n    WHEN COUNT(DISTINCT device_type) \u003e= 3 THEN 'high_engagement'\n    WHEN COUNT(DISTINCT device_type) \u003e= 2 THEN 'medium_engagement'\n    ELSE 'low_engagement'\n  END as engagement_segment\nFROM\n  `dsci_churn_prediction_new_main`.raw_events\nGROUP BY\n  user_id\n",
                "schema_update_options": null,
                "script_options": [],
                "use_legacy_sql": false,
                "use_query_cache": true,
                "user_defined_function_resources": [],
                "write_disposition": "WRITE_EMPTY"
              }
            ],
            "status": [
              {
                "error_result": [
                  {
                    "location": "",
                    "message": "Cannot set create disposition in jobs with DDL statements",
                    "reason": "invalidQuery"
                  }
                ],
                "errors": [
                  {
                    "location": "",
                    "message": "Cannot set create disposition in jobs with DDL statements",
                    "reason": "invalidQuery"
                  }
                ],
                "state": "DONE"
              }
            ],
            "terraform_labels": {
              "env": "dev",
              "managed_by": "terraform",
              "pipeline": "churn_prediction_new",
              "project": "churn_prediction_new",
              "team": "dsci"
            },
            "timeouts": null,
            "user_email": "avadhut_deshmukh@gap.com"
          },
          "sensitive_attributes": [],
          "private": "eyJlMmJmYjczMC1lY2FhLTExZTYtOGY4OC0zNDM2M2JjN2M0YzAiOnsiY3JlYXRlIjoxMjAwMDAwMDAwMDAwLCJkZWxldGUiOjEyMDAwMDAwMDAwMDAsInVwZGF0ZSI6MTIwMDAwMDAwMDAwMH0sInNjaGVtYV92ZXJzaW9uIjoiMSJ9",
          "dependencies": [
            "google_bigquery_dataset.churn_prediction_new_dataset"
          ]
        },
        {
          "index_key": "features_engagement.sql",
          "schema_version": 1,
          "attributes": {
            "copy": [],
            "effective_labels": {
              "env": "dev",
              "managed_by": "terraform",
              "pipeline": "churn_prediction_new",
              "project": "churn_prediction_new",
              "team": "dsci"
            },
            "extract": [],
            "id": "projects/prj-0n-dta-pt-ai-sandbox/jobs/dsci_churn_prediction_new_main-features_engagement-2026-03-04-0302",
            "job_id": "dsci_churn_prediction_new_main-features_engagement-2026-03-04-0302",
            "job_timeout_ms": "",
            "job_type": "QUERY",
            "labels": {
              "env": "dev",
              "managed_by": "terraform",
              "pipeline": "churn_prediction_new",
              "project": "churn_prediction_new",
              "team": "dsci"
            },
            "load": [],
            "location": "us-east4",
            "project": "prj-0n-dta-pt-ai-sandbox",
            "query": [
              {
                "allow_large_results": false,
                "create_disposition": "CREATE_IF_NEEDED",
                "default_dataset": [],
                "destination_encryption_configuration": [],
                "destination_table": [],
                "flatten_results": false,
                "maximum_billing_tier": 0,
                "maximum_bytes_billed": "",
                "parameter_mode": "",
                "priority": "INTERACTIVE",
                "query": "-- BigQuery: Engagement features\n-- Naming: dsci-churn_prediction_new-features-main\n-- This table is CREATED by Terraform when provisioning\n\nCREATE OR REPLACE TABLE `dsci_churn_prediction_new_main`.features_engagement AS\nSELECT\n  user_id,\n  COUNT(DISTINCT DATE(event_timestamp)) as active_days,\n  COUNT(*) as total_events,\n  COUNT(DISTINCT session_id) as session_count,\n  DATE_DIFF(CURRENT_DATE(), MAX(DATE(event_timestamp)), DAY) as days_since_activity,\n  COUNTIF(DATE(event_timestamp) \u003e= DATE_SUB(CURRENT_DATE(), INTERVAL 7 DAY)) \u003e 0 as active_last_7d,\n  COUNTIF(DATE(event_timestamp) \u003e= DATE_SUB(CURRENT_DATE(), INTERVAL 14 DAY)) \u003e 0 as active_last_14d\nFROM\n  `dsci_churn_prediction_new_main`.raw_events\nGROUP BY\n  user_id\n",
                "schema_update_options": null,
                "script_options": [],
                "use_legacy_sql": false,
                "use_query_cache": true,
                "user_defined_function_resources": [],
                "write_disposition": "WRITE_EMPTY"
              }
            ],
            "status": [
              {
                "error_result": [
                  {
                    "location": "",
                    "message": "Cannot set create disposition in jobs with DDL statements",
                    "reason": "invalidQuery"
                  }
                ],
                "errors": [
                  {
                    "location": "",
                    "message": "Cannot set create disposition in jobs with DDL statements",
                    "reason": "invalidQuery"
                  }
                ],
                "state": "DONE"
              }
            ],
            "terraform_labels": {
              "env": "dev",
              "managed_by": "terraform",
              "pipeline": "churn_prediction_new",
              "project": "churn_prediction_new",
              "team": "dsci"
            },
            "timeouts": null,
            "user_email": "avadhut_deshmukh@gap.com"
          },
          "sensitive_attributes": [],
          "private": "eyJlMmJmYjczMC1lY2FhLTExZTYtOGY4OC0zNDM2M2JjN2M0YzAiOnsiY3JlYXRlIjoxMjAwMDAwMDAwMDAwLCJkZWxldGUiOjEyMDAwMDAwMDAwMDAsInVwZGF0ZSI6MTIwMDAwMDAwMDAwMH0sInNjaGVtYV92ZXJzaW9uIjoiMSJ9",
          "dependencies": [
            "google_bigquery_dataset.churn_prediction_new_dataset"
          ]
        },
        {
          "index_key": "raw_events.sql",
          "schema_version": 1,
          "attributes": {
            "copy": [],
            "effective_labels": {
              "env": "dev",
              "managed_by": "terraform",
              "pipeline": "churn_prediction_new",
              "project": "churn_prediction_new",
              "team": "dsci"
            },
            "extract": [],
            "id": "projects/prj-0n-dta-pt-ai-sandbox/jobs/dsci_churn_prediction_new_main-raw_events-2026-03-04-0302",
            "job_id": "dsci_churn_prediction_new_main-raw_events-2026-03-04-0302",
            "job_timeout_ms": "",
            "job_type": "QUERY",
            "labels": {
              "env": "dev",
              "managed_by": "terraform",
              "pipeline": "churn_prediction_new",
              "project": "churn_prediction_new",
              "team": "dsci"
            },
            "load": [],
            "location": "us-east4",
            "project": "prj-0n-dta-pt-ai-sandbox",
            "query": [
              {
                "allow_large_results": false,
                "create_disposition": "CREATE_IF_NEEDED",
                "default_dataset": [],
                "destination_encryption_configuration": [],
                "destination_table": [],
                "flatten_results": false,
                "maximum_billing_tier": 0,
                "maximum_bytes_billed": "",
                "parameter_mode": "",
                "priority": "INTERACTIVE",
                "query": "-- BigQuery: Raw events table creation\n-- Naming: dsci-churn_prediction_new-raw-main\n-- This table is CREATED by Terraform when provisioning\n\nCREATE OR REPLACE TABLE `dsci_churn_prediction_new_main`.raw_events AS\nSELECT\n  CAST(FLOOR(1000 + RAND()*9000) AS STRING) AS user_id,\n  CURRENT_TIMESTAMP() as event_timestamp,\n  CASE FLOOR(RAND()*3)\n    WHEN 0 THEN 'login'\n    WHEN 1 THEN 'purchase'\n    ELSE 'logout'\n  END as event_type,\n  CAST(FLOOR(RAND()*1000) AS STRING) AS session_id,\n  CASE FLOOR(RAND()*3)\n    WHEN 0 THEN 'mobile'\n    WHEN 1 THEN 'desktop'\n    ELSE 'tablet'\n  END as device_type,\n  CASE FLOOR(RAND()*5)\n    WHEN 0 THEN 'US'\n    WHEN 1 THEN 'UK'\n    WHEN 2 THEN 'CA'\n    WHEN 3 THEN 'AU'\n    ELSE 'IN'\n  END as country\nFROM \n  UNNEST(GENERATE_ARRAY(1, 100)) AS n\nWHERE\n  CURRENT_TIMESTAMP() \u003e= TIMESTAMP_SUB(CURRENT_TIMESTAMP(), INTERVAL 90 DAY)\n",
                "schema_update_options": null,
                "script_options": [],
                "use_legacy_sql": false,
                "use_query_cache": true,
                "user_defined_function_resources": [],
                "write_disposition": "WRITE_EMPTY"
              }
            ],
            "status": [
              {
                "error_result": [
                  {
                    "location": "",
                    "message": "Cannot set create disposition in jobs with DDL statements",
                    "reason": "invalidQuery"
                  }
                ],
                "errors": [
                  {
                    "location": "",
                    "message": "Cannot set create disposition in jobs with DDL statements",
                    "reason": "invalidQuery"
                  }
                ],
                "state": "DONE"
              }
            ],
            "terraform_labels": {
              "env": "dev",
              "managed_by": "terraform",
              "pipeline": "churn_prediction_new",
              "project": "churn_prediction_new",
              "team": "dsci"
            },
            "timeouts": null,
            "user_email": "avadhut_deshmukh@gap.com"
          },
          "sensitive_attributes": [],
          "private": "eyJlMmJmYjczMC1lY2FhLTExZTYtOGY4OC0zNDM2M2JjN2M0YzAiOnsiY3JlYXRlIjoxMjAwMDAwMDAwMDAwLCJkZWxldGUiOjEyMDAwMDAwMDAwMDAsInVwZGF0ZSI6MTIwMDAwMDAwMDAwMH0sInNjaGVtYV92ZXJzaW9uIjoiMSJ9",
          "dependencies": [
            "google_bigquery_dataset.churn_prediction_new_dataset"
          ]
        },
        {
          "index_key": "raw_user_features.sql",
          "schema_version": 1,
          "attributes": {
            "copy": [],
            "effective_labels": {
              "env": "dev",
              "managed_by": "terraform",
              "pipeline": "churn_prediction_new",
              "project": "churn_prediction_new",
              "team": "dsci"
            },
            "extract": [],
            "id": "projects/prj-0n-dta-pt-ai-sandbox/jobs/dsci_churn_prediction_new_main-raw_user_features-2026-03-04-0302",
            "job_id": "dsci_churn_prediction_new_main-raw_user_features-2026-03-04-0302",
            "job_timeout_ms": "",
            "job_type": "QUERY",
            "labels": {
              "env": "dev",
              "managed_by": "terraform",
              "pipeline": "churn_prediction_new",
              "project": "churn_prediction_new",
              "team": "dsci"
            },
            "load": [],
            "location": "us-east4",
            "project": "prj-0n-dta-pt-ai-sandbox",
            "query": [
              {
                "allow_large_results": false,
                "create_disposition": "CREATE_IF_NEEDED",
                "default_dataset": [],
                "destination_encryption_configuration": [],
                "destination_table": [],
                "flatten_results": false,
                "maximum_billing_tier": 0,
                "maximum_bytes_billed": "",
                "parameter_mode": "",
                "priority": "INTERACTIVE",
                "query": "-- BigQuery: Raw user features\n-- Naming: dsci-churn_prediction_new-user-features-main\n-- This table is CREATED by Terraform when provisioning\n\nCREATE OR REPLACE TABLE `dsci_churn_prediction_new_main`.raw_user_features AS\nSELECT\n  CAST(FLOOR(1000 + RAND()*9000) AS STRING) AS entity_id,\n  CAST(FLOOR(RAND()*10) AS INT64) AS session_count_7d,\n  CAST(FLOOR(RAND()*30) AS INT64) AS session_count_30d,\n  CAST(FLOOR(RAND()*50) AS INT64) AS total_purchases_30d,\n  CAST(FLOOR(RAND()*60) AS INT64) AS days_since_last_login,\n  CAST(FLOOR(RAND()*5) AS INT64) AS support_tickets_90d,\n  CAST(RAND()*3600 AS FLOAT64) AS avg_session_duration_s,\n  CAST(FLOOR(RAND()*2) AS BOOLEAN) AS churned_within_30d,\n  DATE_SUB(CURRENT_DATE(), INTERVAL CAST(FLOOR(RAND()*30) AS INT64) DAY) AS event_date\nFROM UNNEST(GENERATE_ARRAY(1, 1000)) AS n\n",
                "schema_update_options": null,
                "script_options": [],
                "use_legacy_sql": false,
                "use_query_cache": true,
                "user_defined_function_resources": [],
                "write_disposition": "WRITE_EMPTY"
              }
            ],
            "status": [
              {
                "error_result": [
                  {
                    "location": "",
                    "message": "Cannot set create disposition in jobs with DDL statements",
                    "reason": "invalidQuery"
                  }
                ],
                "errors": [
                  {
                    "location": "",
                    "message": "Cannot set create disposition in jobs with DDL statements",
                    "reason": "invalidQuery"
                  }
                ],
                "state": "DONE"
              }
            ],
            "terraform_labels": {
              "env": "dev",
              "managed_by": "terraform",
              "pipeline": "churn_prediction_new",
              "project": "churn_prediction_new",
              "team": "dsci"
            },
            "timeouts": null,
            "user_email": "avadhut_deshmukh@gap.com"
          },
          "sensitive_attributes": [],
          "private": "eyJlMmJmYjczMC1lY2FhLTExZTYtOGY4OC0zNDM2M2JjN2M0YzAiOnsiY3JlYXRlIjoxMjAwMDAwMDAwMDAwLCJkZWxldGUiOjEyMDAwMDAwMDAwMDAsInVwZGF0ZSI6MTIwMDAwMDAwMDAwMH0sInNjaGVtYV92ZXJzaW9uIjoiMSJ9",
          "dependencies": [
            "google_bigquery_dataset.churn_prediction_new_dataset"
          ]
        }
      ]
    },
    {
      "mode": "managed",
      "type": "google_bigquery_job",
      "name": "execute_fs_sql",
      "provider": "provider[\"registry.terraform.io/hashicorp/google\"]",
      "instances": [
        {
          "index_key": "entity_session.sql",
          "schema_version": 1,
          "attributes": {
            "copy": [],
            "effective_labels": {
              "env": "dev",
              "managed_by": "terraform",
              "pipeline": "churn_prediction_new",
              "project": "churn_prediction_new",
              "team": "dsci"
            },
            "extract": [],
            "id": "projects/prj-0n-dta-pt-ai-sandbox/jobs/dsci_churn_prediction_new_main-fs-entity_session-2026-03-04-0302",
            "job_id": "dsci_churn_prediction_new_main-fs-entity_session-2026-03-04-0302",
            "job_timeout_ms": "",
            "job_type": "QUERY",
            "labels": {
              "env": "dev",
              "managed_by": "terraform",
              "pipeline": "churn_prediction_new",
              "project": "churn_prediction_new",
              "team": "dsci"
            },
            "load": [],
            "location": "us-east4",
            "project": "prj-0n-dta-pt-ai-sandbox",
            "query": [
              {
                "allow_large_results": false,
                "create_disposition": "CREATE_IF_NEEDED",
                "default_dataset": [],
                "destination_encryption_configuration": [],
                "destination_table": [],
                "flatten_results": false,
                "maximum_billing_tier": 0,
                "maximum_bytes_billed": "",
                "parameter_mode": "",
                "priority": "INTERACTIVE",
                "query": "-- Feature Store: Session entity definition\n-- Entity: fs_dsci_churn_prediction_new_session_main\n-- This table is CREATED by Terraform when provisioning\n\nCREATE OR REPLACE TABLE `dsci_churn_prediction_new_main`.entity_session AS\nSELECT DISTINCT\n  session_id as entity_id,\n  CURRENT_TIMESTAMP() as created_timestamp\nFROM\n  `dsci_churn_prediction_new_main`.raw_events\n",
                "schema_update_options": null,
                "script_options": [],
                "use_legacy_sql": false,
                "use_query_cache": true,
                "user_defined_function_resources": [],
                "write_disposition": "WRITE_EMPTY"
              }
            ],
            "status": [
              {
                "error_result": [
                  {
                    "location": "",
                    "message": "Cannot set create disposition in jobs with DDL statements",
                    "reason": "invalidQuery"
                  }
                ],
                "errors": [
                  {
                    "location": "",
                    "message": "Cannot set create disposition in jobs with DDL statements",
                    "reason": "invalidQuery"
                  }
                ],
                "state": "DONE"
              }
            ],
            "terraform_labels": {
              "env": "dev",
              "managed_by": "terraform",
              "pipeline": "churn_prediction_new",
              "project": "churn_prediction_new",
              "team": "dsci"
            },
            "timeouts": null,
            "user_email": "avadhut_deshmukh@gap.com"
          },
          "sensitive_attributes": [],
          "private": "eyJlMmJmYjczMC1lY2FhLTExZTYtOGY4OC0zNDM2M2JjN2M0YzAiOnsiY3JlYXRlIjoxMjAwMDAwMDAwMDAwLCJkZWxldGUiOjEyMDAwMDAwMDAwMDAsInVwZGF0ZSI6MTIwMDAwMDAwMDAwMH0sInNjaGVtYV92ZXJzaW9uIjoiMSJ9",
          "dependencies": [
            "google_bigquery_dataset.churn_prediction_new_dataset"
          ]
        },
        {
          "index_key": "entity_user.sql",
          "schema_version": 1,
          "attributes": {
            "copy": [],
            "effective_labels": {
              "env": "dev",
              "managed_by": "terraform",
              "pipeline": "churn_prediction_new",
              "project": "churn_prediction_new",
              "team": "dsci"
            },
            "extract": [],
            "id": "projects/prj-0n-dta-pt-ai-sandbox/jobs/dsci_churn_prediction_new_main-fs-entity_user-2026-03-04-0302",
            "job_id": "dsci_churn_prediction_new_main-fs-entity_user-2026-03-04-0302",
            "job_timeout_ms": "",
            "job_type": "QUERY",
            "labels": {
              "env": "dev",
              "managed_by": "terraform",
              "pipeline": "churn_prediction_new",
              "project": "churn_prediction_new",
              "team": "dsci"
            },
            "load": [],
            "location": "us-east4",
            "project": "prj-0n-dta-pt-ai-sandbox",
            "query": [
              {
                "allow_large_results": false,
                "create_disposition": "CREATE_IF_NEEDED",
                "default_dataset": [],
                "destination_encryption_configuration": [],
                "destination_table": [],
                "flatten_results": false,
                "maximum_billing_tier": 0,
                "maximum_bytes_billed": "",
                "parameter_mode": "",
                "priority": "INTERACTIVE",
                "query": "-- Feature Store: User entity definition\n-- Entity: fs_dsci_churn_prediction_new_user_main\n-- This table is CREATED by Terraform when provisioning\n\nCREATE OR REPLACE TABLE `dsci_churn_prediction_new_main`.entity_user AS\nSELECT DISTINCT\n  user_id as entity_id,\n  CURRENT_TIMESTAMP() as created_timestamp\nFROM\n  `dsci_churn_prediction_new_main`.raw_events\n",
                "schema_update_options": null,
                "script_options": [],
                "use_legacy_sql": false,
                "use_query_cache": true,
                "user_defined_function_resources": [],
                "write_disposition": "WRITE_EMPTY"
              }
            ],
            "status": [
              {
                "error_result": [
                  {
                    "location": "",
                    "message": "Cannot set create disposition in jobs with DDL statements",
                    "reason": "invalidQuery"
                  }
                ],
                "errors": [
                  {
                    "location": "",
                    "message": "Cannot set create disposition in jobs with DDL statements",
                    "reason": "invalidQuery"
                  }
                ],
                "state": "DONE"
              }
            ],
            "terraform_labels": {
              "env": "dev",
              "managed_by": "terraform",
              "pipeline": "churn_prediction_new",
              "project": "churn_prediction_new",
              "team": "dsci"
            },
            "timeouts": null,
            "user_email": "avadhut_deshmukh@gap.com"
          },
          "sensitive_attributes": [],
          "private": "eyJlMmJmYjczMC1lY2FhLTExZTYtOGY4OC0zNDM2M2JjN2M0YzAiOnsiY3JlYXRlIjoxMjAwMDAwMDAwMDAwLCJkZWxldGUiOjEyMDAwMDAwMDAwMDAsInVwZGF0ZSI6MTIwMDAwMDAwMDAwMH0sInNjaGVtYV92ZXJzaW9uIjoiMSJ9",
          "dependencies": [
            "google_bigquery_dataset.churn_prediction_new_dataset"
          ]
        }
      ]
    },
    {
      "mode": "managed",
      "type": "null_resource",
      "name": "docker_auth",
      "provider": "provider[\"registry.terraform.io/hashicorp/null\"]",
      "instances": [
        {
          "schema_version": 0,
          "attributes": {
            "id": "6793018738709668739",
            "triggers": null
          },
          "sensitive_attributes": [],
          "dependencies": [
            "google_artifact_registry_repository.churn_prediction_new_repo"
          ]
        }
      ]
    },
    {
      "mode": "managed",
      "type": "null_resource",
      "name": "docker_build",
      "provider": "provider[\"registry.terraform.io/hashicorp/null\"]",
      "instances": [
        {
          "schema_version": 0,
          "attributes": {
            "id": "6609186179957367512",
            "triggers": {
              "dockerfile_hash": "06b45692d0c4c6847b0f9973dd7287e6"
            }
          },
          "sensitive_attributes": [],
          "dependencies": [
            "google_artifact_registry_repository.churn_prediction_new_repo"
          ]
        }
      ]
    },
    {
      "mode": "managed",
      "type": "null_resource",
      "name": "docker_push",
      "provider": "provider[\"registry.terraform.io/hashicorp/null\"]",
      "instances": [
        {
          "schema_version": 0,
          "attributes": {
            "id": "8338523245283935518",
            "triggers": null
          },
          "sensitive_attributes": [],
          "dependencies": [
            "google_artifact_registry_repository.churn_prediction_new_repo",
            "null_resource.docker_auth",
            "null_resource.docker_build"
          ]
        }
      ]
    }
  ],
  "check_results": null
}
